
Microsoft Visual Studio Solution File, Format Version 12.00
# Visual Studio Version 17
VisualStudioVersion = 17.12.35506.116
MinimumVisualStudioVersion = 10.0.40219.1
Project("{FAE04EC0-301F-11D3-BF4B-00C04F79EFBC}") = "Korn.Shared", "Korn.Shared\Korn.Shared.csproj", "{58BAAE63-A54A-4B25-9DE3-65DDEADF2EA7}"
EndProject
Project("{2150E333-8FDC-42A3-9474-1A3956D46DE8}") = "Korn", "Korn", "{A37E9BF5-FFAD-4EF7-9344-B5B8AE62736E}"
EndProject
Project("{FAE04EC0-301F-11D3-BF4B-00C04F79EFBC}") = "Korn.Logger", "..\Korn.Logger\Korn.Logger\Korn.Logger.csproj", "{C3B6D8DA-E6BB-432E-A043-E7FA43F470D0}"
EndProject
Project("{FAE04EC0-301F-11D3-BF4B-00C04F79EFBC}") = "Korn.Shared.Internal", "..\Korn.Shared.Internal\Korn.Shared.Internal\Korn.Shared.Internal.csproj", "{F17EC75D-5F5A-4E3D-B540-130A9048A613}"
EndProject
Project("{FAE04EC0-301F-11D3-BF4B-00C04F79EFBC}") = "Korn.Interface", "..\Korn.Interface\Korn.Interface\Korn.Interface.csproj", "{3B926998-FDCC-49A7-B966-96638E68B3AF}"
EndProject
Global
	GlobalSection(SolutionConfigurationPlatforms) = preSolution
		Debug|Any CPU = Debug|Any CPU
		Debug|x64 = Debug|x64
		Release|Any CPU = Release|Any CPU
		Release|x64 = Release|x64
	EndGlobalSection
	GlobalSection(ProjectConfigurationPlatforms) = postSolution
		{58BAAE63-A54A-4B25-9DE3-65DDEADF2EA7}.Debug|Any CPU.ActiveCfg = Debug|Any CPU
		{58BAAE63-A54A-4B25-9DE3-65DDEADF2EA7}.Debug|Any CPU.Build.0 = Debug|Any CPU
		{58BAAE63-A54A-4B25-9DE3-65DDEADF2EA7}.Debug|x64.ActiveCfg = Debug|x64
		{58BAAE63-A54A-4B25-9DE3-65DDEADF2EA7}.Debug|x64.Build.0 = Debug|x64
		{58BAAE63-A54A-4B25-9DE3-65DDEADF2EA7}.Release|Any CPU.ActiveCfg = Release|Any CPU
		{58BAAE63-A54A-4B25-9DE3-65DDEADF2EA7}.Release|Any CPU.Build.0 = Release|Any CPU
		{58BAAE63-A54A-4B25-9DE3-65DDEADF2EA7}.Release|x64.ActiveCfg = Release|Any CPU
		{58BAAE63-A54A-4B25-9DE3-65DDEADF2EA7}.Release|x64.Build.0 = Release|Any CPU
		{C3B6D8DA-E6BB-432E-A043-E7FA43F470D0}.Debug|Any CPU.ActiveCfg = Debug|x64
		{C3B6D8DA-E6BB-432E-A043-E7FA43F470D0}.Debug|Any CPU.Build.0 = Debug|x64
		{C3B6D8DA-E6BB-432E-A043-E7FA43F470D0}.Debug|x64.ActiveCfg = Debug|x64
		{C3B6D8DA-E6BB-432E-A043-E7FA43F470D0}.Debug|x64.Build.0 = Debug|x64
		{C3B6D8DA-E6BB-432E-A043-E7FA43F470D0}.Release|Any CPU.ActiveCfg = Release|x64
		{C3B6D8DA-E6BB-432E-A043-E7FA43F470D0}.Release|Any CPU.Build.0 = Release|x64
		{C3B6D8DA-E6BB-432E-A043-E7FA43F470D0}.Release|x64.ActiveCfg = Release|x64
		{C3B6D8DA-E6BB-432E-A043-E7FA43F470D0}.Release|x64.Build.0 = Release|x64
		{F17EC75D-5F5A-4E3D-B540-130A9048A613}.Debug|Any CPU.ActiveCfg = Debug|x64
		{F17EC75D-5F5A-4E3D-B540-130A9048A613}.Debug|Any CPU.Build.0 = Debug|x64
		{F17EC75D-5F5A-4E3D-B540-130A9048A613}.Debug|x64.ActiveCfg = Debug|x64
		{F17EC75D-5F5A-4E3D-B540-130A9048A613}.Debug|x64.Build.0 = Debug|x64
		{F17EC75D-5F5A-4E3D-B540-130A9048A613}.Release|Any CPU.ActiveCfg = Release|x64
		{F17EC75D-5F5A-4E3D-B540-130A9048A613}.Release|Any CPU.Build.0 = Release|x64
		{F17EC75D-5F5A-4E3D-B540-130A9048A613}.Release|x64.ActiveCfg = Release|x64
		{F17EC75D-5F5A-4E3D-B540-130A9048A613}.Release|x64.Build.0 = Release|x64
		{3B926998-FDCC-49A7-B966-96638E68B3AF}.Debug|Any CPU.ActiveCfg = Debug|x64
		{3B926998-FDCC-49A7-B966-96638E68B3AF}.Debug|Any CPU.Build.0 = Debug|x64
		{3B926998-FDCC-49A7-B966-96638E68B3AF}.Debug|x64.ActiveCfg = Debug|x64
		{3B926998-FDCC-49A7-B966-96638E68B3AF}.Debug|x64.Build.0 = Debug|x64
		{3B926998-FDCC-49A7-B966-96638E68B3AF}.Release|Any CPU.ActiveCfg = Release|x64
		{3B926998-FDCC-49A7-B966-96638E68B3AF}.Release|Any CPU.Build.0 = Release|x64
		{3B926998-FDCC-49A7-B966-96638E68B3AF}.Release|x64.ActiveCfg = Release|x64
		{3B926998-FDCC-49A7-B966-96638E68B3AF}.Release|x64.Build.0 = Release|x64
	EndGlobalSection
	GlobalSection(SolutionProperties) = preSolution
		HideSolutionNode = FALSE
	EndGlobalSection
	GlobalSection(NestedProjects) = preSolution
		{C3B6D8DA-E6BB-432E-A043-E7FA43F470D0} = {A37E9BF5-FFAD-4EF7-9344-B5B8AE62736E}
		{F17EC75D-5F5A-4E3D-B540-130A9048A613} = {A37E9BF5-FFAD-4EF7-9344-B5B8AE62736E}
		{3B926998-FDCC-49A7-B966-96638E68B3AF} = {A37E9BF5-FFAD-4EF7-9344-B5B8AE62736E}
	EndGlobalSection
EndGlobal
